
Microsoft Visual Studio Solution File, Format Version 12.00
# Visual Studio Version 17
VisualStudioVersion = 17.11.35208.52
MinimumVisualStudioVersion = 10.0.40219.1
Project("{FAE04EC0-301F-11D3-BF4B-00C04F79EFBC}") = "Caixa", "Caixa.csproj", "{290AD75D-8167-41E4-869F-2AC9D50D820A}"
EndProject
Global
	GlobalSection(SolutionConfigurationPlatforms) = preSolution
		Debug|Any CPU = Debug|Any CPU
		Release|Any CPU = Release|Any CPU
	EndGlobalSection
	GlobalSection(ProjectConfigurationPlatforms) = postSolution
		{290AD75D-8167-41E4-869F-2AC9D50D820A}.Debug|Any CPU.ActiveCfg = Debug|Any CPU
		{290AD75D-8167-41E4-869F-2AC9D50D820A}.Debug|Any CPU.Build.0 = Debug|Any CPU
		{290AD75D-8167-41E4-869F-2AC9D50D820A}.Release|Any CPU.ActiveCfg = Release|Any CPU
		{290AD75D-8167-41E4-869F-2AC9D50D820A}.Release|Any CPU.Build.0 = Release|Any CPU
	EndGlobalSection
	GlobalSection(SolutionProperties) = preSolution
		HideSolutionNode = FALSE
	EndGlobalSection
	GlobalSection(ExtensibilityGlobals) = postSolution
		SolutionGuid = {CB133B19-32D9-430F-8233-83AAC716C2F2}
	EndGlobalSection
EndGlobal
